
Microsoft Visual Studio Solution File, Format Version 12.00
# Visual Studio Version 16
VisualStudioVersion = 16.0.28922.388
MinimumVisualStudioVersion = 10.0.40219.1
Project("{FAE04EC0-301F-11D3-BF4B-00C04F79EFBC}") = "ColorChangerService", "ColorChangerService\ColorChangerService.csproj", "{3B9ABB1F-B971-4CB9-BF8A-B445112C0294}"
	ProjectSection(ProjectDependencies) = postProject
		{8F12301F-EC86-4A76-A6A1-AE3EE0A2945B} = {8F12301F-EC86-4A76-A6A1-AE3EE0A2945B}
		{CDF7423D-8C99-4BC8-AEBC-94905E00BB6C} = {CDF7423D-8C99-4BC8-AEBC-94905E00BB6C}
		{1EF2608D-B11D-4EBA-AC8D-E8282FC47A90} = {1EF2608D-B11D-4EBA-AC8D-E8282FC47A90}
	EndProjectSection
EndProject
Project("{FAE04EC0-301F-11D3-BF4B-00C04F79EFBC}") = "GLedApiDotNet", "GLedApiDotNet\GLedApiDotNet.csproj", "{8F12301F-EC86-4A76-A6A1-AE3EE0A2945B}"
EndProject
Project("{FAE04EC0-301F-11D3-BF4B-00C04F79EFBC}") = "Installer", "Installer\Installer.csproj", "{52277674-7FCD-4BE5-AAD9-F24472C40382}"
EndProject
Project("{2150E333-8FDC-42A3-9474-1A3956D46DE8}") = "Vivaldi", "Vivaldi", "{0ABBC960-1950-4B3E-BC86-1D298CB3EA98}"
	ProjectSection(SolutionItems) = preProject
		Vivaldi\custom.js = Vivaldi\custom.js
		Vivaldi\pubnub.js = Vivaldi\pubnub.js
	EndProjectSection
EndProject
Project("{FAE04EC0-301F-11D3-BF4B-00C04F79EFBC}") = "MoveDLLs", "MoveDLLs\MoveDLLs.csproj", "{1EF2608D-B11D-4EBA-AC8D-E8282FC47A90}"
EndProject
Project("{FAE04EC0-301F-11D3-BF4B-00C04F79EFBC}") = "MoveVivaldiFiles", "MoveVivaldiFiles\MoveVivaldiFiles.csproj", "{CDF7423D-8C99-4BC8-AEBC-94905E00BB6C}"
EndProject
Project("{2150E333-8FDC-42A3-9474-1A3956D46DE8}") = "Inno Setup", "Inno Setup", "{1E843EFB-F57F-43EE-A9BC-EBEB8304B47A}"
	ProjectSection(SolutionItems) = preProject
		Inno Setup\dwinshs.iss = Inno Setup\dwinshs.iss
		Inno Setup\gpl-3.0.txt = Inno Setup\gpl-3.0.txt
		Inno Setup\Setup.iss = Inno Setup\Setup.iss
	EndProjectSection
EndProject
Project("{2150E333-8FDC-42A3-9474-1A3956D46DE8}") = "unzip", "unzip", "{922543B6-CA72-49D5-BBAC-37BAC55E194E}"
	ProjectSection(SolutionItems) = preProject
		unzip\License.txt = unzip\License.txt
		unzip\unzip.exe = unzip\unzip.exe
	EndProjectSection
EndProject
Global
	GlobalSection(SolutionConfigurationPlatforms) = preSolution
		Debug|Any CPU = Debug|Any CPU
		Debug|x64 = Debug|x64
		Debug|x86 = Debug|x86
		Release|Any CPU = Release|Any CPU
		Release|x64 = Release|x64
		Release|x86 = Release|x86
	EndGlobalSection
	GlobalSection(ProjectConfigurationPlatforms) = postSolution
		{3B9ABB1F-B971-4CB9-BF8A-B445112C0294}.Debug|Any CPU.ActiveCfg = Debug|Any CPU
		{3B9ABB1F-B971-4CB9-BF8A-B445112C0294}.Debug|Any CPU.Build.0 = Debug|Any CPU
		{3B9ABB1F-B971-4CB9-BF8A-B445112C0294}.Debug|x64.ActiveCfg = Debug|Any CPU
		{3B9ABB1F-B971-4CB9-BF8A-B445112C0294}.Debug|x64.Build.0 = Debug|Any CPU
		{3B9ABB1F-B971-4CB9-BF8A-B445112C0294}.Debug|x86.ActiveCfg = Debug|x86
		{3B9ABB1F-B971-4CB9-BF8A-B445112C0294}.Debug|x86.Build.0 = Debug|x86
		{3B9ABB1F-B971-4CB9-BF8A-B445112C0294}.Release|Any CPU.ActiveCfg = Release|Any CPU
		{3B9ABB1F-B971-4CB9-BF8A-B445112C0294}.Release|Any CPU.Build.0 = Release|Any CPU
		{3B9ABB1F-B971-4CB9-BF8A-B445112C0294}.Release|x64.ActiveCfg = Release|Any CPU
		{3B9ABB1F-B971-4CB9-BF8A-B445112C0294}.Release|x64.Build.0 = Release|Any CPU
		{3B9ABB1F-B971-4CB9-BF8A-B445112C0294}.Release|x86.ActiveCfg = Release|x86
		{3B9ABB1F-B971-4CB9-BF8A-B445112C0294}.Release|x86.Build.0 = Release|x86
		{8F12301F-EC86-4A76-A6A1-AE3EE0A2945B}.Debug|Any CPU.ActiveCfg = Debug|Any CPU
		{8F12301F-EC86-4A76-A6A1-AE3EE0A2945B}.Debug|Any CPU.Build.0 = Debug|Any CPU
		{8F12301F-EC86-4A76-A6A1-AE3EE0A2945B}.Debug|x64.ActiveCfg = Debug|Any CPU
		{8F12301F-EC86-4A76-A6A1-AE3EE0A2945B}.Debug|x64.Build.0 = Debug|Any CPU
		{8F12301F-EC86-4A76-A6A1-AE3EE0A2945B}.Debug|x86.ActiveCfg = Debug|Any CPU
		{8F12301F-EC86-4A76-A6A1-AE3EE0A2945B}.Debug|x86.Build.0 = Debug|Any CPU
		{8F12301F-EC86-4A76-A6A1-AE3EE0A2945B}.Release|Any CPU.ActiveCfg = Release|Any CPU
		{8F12301F-EC86-4A76-A6A1-AE3EE0A2945B}.Release|Any CPU.Build.0 = Release|Any CPU
		{8F12301F-EC86-4A76-A6A1-AE3EE0A2945B}.Release|x64.ActiveCfg = Release|Any CPU
		{8F12301F-EC86-4A76-A6A1-AE3EE0A2945B}.Release|x64.Build.0 = Release|Any CPU
		{8F12301F-EC86-4A76-A6A1-AE3EE0A2945B}.Release|x86.ActiveCfg = Release|Any CPU
		{8F12301F-EC86-4A76-A6A1-AE3EE0A2945B}.Release|x86.Build.0 = Release|Any CPU
		{52277674-7FCD-4BE5-AAD9-F24472C40382}.Debug|Any CPU.ActiveCfg = Debug|Any CPU
		{52277674-7FCD-4BE5-AAD9-F24472C40382}.Debug|Any CPU.Build.0 = Debug|Any CPU
		{52277674-7FCD-4BE5-AAD9-F24472C40382}.Debug|x64.ActiveCfg = Debug|Any CPU
		{52277674-7FCD-4BE5-AAD9-F24472C40382}.Debug|x64.Build.0 = Debug|Any CPU
		{52277674-7FCD-4BE5-AAD9-F24472C40382}.Debug|x86.ActiveCfg = Debug|Any CPU
		{52277674-7FCD-4BE5-AAD9-F24472C40382}.Debug|x86.Build.0 = Debug|Any CPU
		{52277674-7FCD-4BE5-AAD9-F24472C40382}.Release|Any CPU.ActiveCfg = Release|Any CPU
		{52277674-7FCD-4BE5-AAD9-F24472C40382}.Release|Any CPU.Build.0 = Release|Any CPU
		{52277674-7FCD-4BE5-AAD9-F24472C40382}.Release|x64.ActiveCfg = Release|Any CPU
		{52277674-7FCD-4BE5-AAD9-F24472C40382}.Release|x64.Build.0 = Release|Any CPU
		{52277674-7FCD-4BE5-AAD9-F24472C40382}.Release|x86.ActiveCfg = Release|Any CPU
		{52277674-7FCD-4BE5-AAD9-F24472C40382}.Release|x86.Build.0 = Release|Any CPU
		{1EF2608D-B11D-4EBA-AC8D-E8282FC47A90}.Debug|Any CPU.ActiveCfg = Debug|Any CPU
		{1EF2608D-B11D-4EBA-AC8D-E8282FC47A90}.Debug|Any CPU.Build.0 = Debug|Any CPU
		{1EF2608D-B11D-4EBA-AC8D-E8282FC47A90}.Debug|x64.ActiveCfg = Debug|Any CPU
		{1EF2608D-B11D-4EBA-AC8D-E8282FC47A90}.Debug|x64.Build.0 = Debug|Any CPU
		{1EF2608D-B11D-4EBA-AC8D-E8282FC47A90}.Debug|x86.ActiveCfg = Debug|Any CPU
		{1EF2608D-B11D-4EBA-AC8D-E8282FC47A90}.Debug|x86.Build.0 = Debug|Any CPU
		{1EF2608D-B11D-4EBA-AC8D-E8282FC47A90}.Release|Any CPU.ActiveCfg = Release|Any CPU
		{1EF2608D-B11D-4EBA-AC8D-E8282FC47A90}.Release|Any CPU.Build.0 = Release|Any CPU
		{1EF2608D-B11D-4EBA-AC8D-E8282FC47A90}.Release|x64.ActiveCfg = Release|Any CPU
		{1EF2608D-B11D-4EBA-AC8D-E8282FC47A90}.Release|x64.Build.0 = Release|Any CPU
		{1EF2608D-B11D-4EBA-AC8D-E8282FC47A90}.Release|x86.ActiveCfg = Release|Any CPU
		{1EF2608D-B11D-4EBA-AC8D-E8282FC47A90}.Release|x86.Build.0 = Release|Any CPU
		{CDF7423D-8C99-4BC8-AEBC-94905E00BB6C}.Debug|Any CPU.ActiveCfg = Debug|Any CPU
		{CDF7423D-8C99-4BC8-AEBC-94905E00BB6C}.Debug|Any CPU.Build.0 = Debug|Any CPU
		{CDF7423D-8C99-4BC8-AEBC-94905E00BB6C}.Debug|x64.ActiveCfg = Debug|Any CPU
		{CDF7423D-8C99-4BC8-AEBC-94905E00BB6C}.Debug|x64.Build.0 = Debug|Any CPU
		{CDF7423D-8C99-4BC8-AEBC-94905E00BB6C}.Debug|x86.ActiveCfg = Debug|Any CPU
		{CDF7423D-8C99-4BC8-AEBC-94905E00BB6C}.Debug|x86.Build.0 = Debug|Any CPU
		{CDF7423D-8C99-4BC8-AEBC-94905E00BB6C}.Release|Any CPU.ActiveCfg = Release|Any CPU
		{CDF7423D-8C99-4BC8-AEBC-94905E00BB6C}.Release|Any CPU.Build.0 = Release|Any CPU
		{CDF7423D-8C99-4BC8-AEBC-94905E00BB6C}.Release|x64.ActiveCfg = Release|Any CPU
		{CDF7423D-8C99-4BC8-AEBC-94905E00BB6C}.Release|x64.Build.0 = Release|Any CPU
		{CDF7423D-8C99-4BC8-AEBC-94905E00BB6C}.Release|x86.ActiveCfg = Release|Any CPU
		{CDF7423D-8C99-4BC8-AEBC-94905E00BB6C}.Release|x86.Build.0 = Release|Any CPU
	EndGlobalSection
	GlobalSection(SolutionProperties) = preSolution
		HideSolutionNode = FALSE
	EndGlobalSection
	GlobalSection(ExtensibilityGlobals) = postSolution
		SolutionGuid = {D346E6A5-6954-4AB4-865E-3EE61E50EAA5}
	EndGlobalSection
EndGlobal
